{
  "version": 4,
  "terraform_version": "1.5.7",
  "serial": 19,
  "lineage": "ade0923d-fa25-c828-1123-a741948b8afd",
  "outputs": {},
  "resources": [
    {
      "mode": "data",
      "type": "ncloud_root_password",
      "name": "shryu_root_password_git",
      "provider": "provider[\"registry.terraform.io/navercloudplatform/ncloud\"]",
      "instances": [
        {
          "schema_version": 0,
          "attributes": {
            "id": "20044627",
            "private_key": "-----BEGIN RSA PRIVATE KEY-----\nMIIEpQIBAAKCAQEA1Ado7Kv3pHnt3H+7U1v/Xt8MvcOgSWL4F18zSkpt/FgpZzna\no2GQ+fBqw0DLVFwHFK/rlbglZXvfA3nt9kugy9Dz8FwxquJR/lPYfP2Mq9WucW0t\nHDgglgz+MaMDL8u6IlGM37MOnlwLQOhZOTl6r3U+wbtnfKMHocAQ+kbrE/qdvZz+\nGCUjB8Hg9yuxyl0FYl3THGRm7tVam2mDYhPZG0V5nGBF3vxrbZsIrs1JbZAHjry6\nGi+0NRPbO/PvUmP66hZl8ElkULboltfDumZPdB1nPkdZ5hbCtVySeoNkuPlSBOiM\n4/Zw4LltzCClUEnyOCPgCrFmbszjrYV/dpLUWQIDAQABAoIBAQCTp2FbR9qaMMsD\nffQu9ecd40jVMdGCqahJZmOqfbCgRaj3mON4Wa6DT/iZZprycXAA6Q2vYuCwDpZc\nrmGX3kzpAueN4DY6YYdmDG+7gzqeQ51KohQDDdcrh3rRiErk0wQZeB8ZfXFVuJWh\nquzPnAai/4wnj+Fee44KB14LXK3CZ8U+YHdbWDiKH/SbYCmckjLYFqg8bZOQV7UB\n11dKojMmOLHD8/jYbC+EnBrSzDLo4cpDg+F4auxNYqJk6iudfc/JhMTUo+YbYO+q\nSzqeCI++2Lj3V8E5HriDSJxxd02UckOzZUCxQosvlG3kQKks8h0Ol/POdwoxQ7Kr\nsurrRwYBAoGBAOzlGDeKn28HbUDMOYzhBlRiv5XbxNvsfRJg2MAuBAaF8k7N4JSC\nKUpWUGAc5LwJjb+1FUwmWH5Kfnb8Qj6WtevRgt+DPbllDMwbftMPUk/jwkyVtdHT\nTOjcx7HT9D5HBAY3Q4rdCtn7X2En9zzVl+XeDSt4k5ixvjFytpmCOGCZAoGBAOUg\n73+aRkH4GspRvwtKO9Ihc0JsdeCshDHlM7/X9JL6UIC9/JbYc8AHpktOQsi91kDA\nuFu3FyVyJeGVilJe7cRifG9+O9o4wfNE+7h+8wGJOsG30OJ72Y2jjoYYO1eg258u\nUH434cmgCmJkNp2Py7uhigMgNHM4dKT77OMr1anBAoGBAIncLMKt1mirvsXV06wL\njD5xlSLl2WNO9d5LI/h7Dvao3sFDiG2EbfkH0BCO4AIZ4Tbub+1350nfmkcuOHLq\nDAanT205mCMbDl59pcm4AePiHMGq4juwpvJhAYmYWmwfsdTYNmNKjbUbV39X3ca2\nWoZ4OdvReLuEvLVUF7WwFZUJAoGBANIXjQL3towuroHsyrvTaV6XhVPWl49XIC+P\n9g9mOL+7/azOh5jZB+mAGh7at6nRR29ARsrx6qtPKyTZNWep22JC285vdPn3KP+i\ntRzKao9yAQo3PbUt0qFo4vpZpbAHstkWYoAZRVLXCC6HrPx0KV72E9Ih6XXswie1\nR9RVESkBAoGAdMte4ed5m64ZBLyTgcjnQYx5xbhlKUe+Ybg9daEDkg0p9GjVtihX\nzAAmYjtRNRRevM0B+7pbnvWAJbUhNgKs6hUyeL2G+jTZ1LdAjBjisPWTajcRzqvD\nTMKZTsGekN+8/r0c2bjtyDoBNBwGQvdPCALS3Pu69IOgNgE/xKTH/TI=\n-----END RSA PRIVATE KEY-----",
            "root_password": "B2R7=$TF93y",
            "server_instance_no": "20044627"
          },
          "sensitive_attributes": [
            [
              {
                "type": "get_attr",
                "value": "private_key"
              }
            ]
          ]
        }
      ]
    },
    {
      "mode": "data",
      "type": "ncloud_root_password",
      "name": "shryu_root_password_harbor",
      "provider": "provider[\"registry.terraform.io/navercloudplatform/ncloud\"]",
      "instances": [
        {
          "schema_version": 0,
          "attributes": {
            "id": "20044624",
            "private_key": "-----BEGIN RSA PRIVATE KEY-----\nMIIEpQIBAAKCAQEA1Ado7Kv3pHnt3H+7U1v/Xt8MvcOgSWL4F18zSkpt/FgpZzna\no2GQ+fBqw0DLVFwHFK/rlbglZXvfA3nt9kugy9Dz8FwxquJR/lPYfP2Mq9WucW0t\nHDgglgz+MaMDL8u6IlGM37MOnlwLQOhZOTl6r3U+wbtnfKMHocAQ+kbrE/qdvZz+\nGCUjB8Hg9yuxyl0FYl3THGRm7tVam2mDYhPZG0V5nGBF3vxrbZsIrs1JbZAHjry6\nGi+0NRPbO/PvUmP66hZl8ElkULboltfDumZPdB1nPkdZ5hbCtVySeoNkuPlSBOiM\n4/Zw4LltzCClUEnyOCPgCrFmbszjrYV/dpLUWQIDAQABAoIBAQCTp2FbR9qaMMsD\nffQu9ecd40jVMdGCqahJZmOqfbCgRaj3mON4Wa6DT/iZZprycXAA6Q2vYuCwDpZc\nrmGX3kzpAueN4DY6YYdmDG+7gzqeQ51KohQDDdcrh3rRiErk0wQZeB8ZfXFVuJWh\nquzPnAai/4wnj+Fee44KB14LXK3CZ8U+YHdbWDiKH/SbYCmckjLYFqg8bZOQV7UB\n11dKojMmOLHD8/jYbC+EnBrSzDLo4cpDg+F4auxNYqJk6iudfc/JhMTUo+YbYO+q\nSzqeCI++2Lj3V8E5HriDSJxxd02UckOzZUCxQosvlG3kQKks8h0Ol/POdwoxQ7Kr\nsurrRwYBAoGBAOzlGDeKn28HbUDMOYzhBlRiv5XbxNvsfRJg2MAuBAaF8k7N4JSC\nKUpWUGAc5LwJjb+1FUwmWH5Kfnb8Qj6WtevRgt+DPbllDMwbftMPUk/jwkyVtdHT\nTOjcx7HT9D5HBAY3Q4rdCtn7X2En9zzVl+XeDSt4k5ixvjFytpmCOGCZAoGBAOUg\n73+aRkH4GspRvwtKO9Ihc0JsdeCshDHlM7/X9JL6UIC9/JbYc8AHpktOQsi91kDA\nuFu3FyVyJeGVilJe7cRifG9+O9o4wfNE+7h+8wGJOsG30OJ72Y2jjoYYO1eg258u\nUH434cmgCmJkNp2Py7uhigMgNHM4dKT77OMr1anBAoGBAIncLMKt1mirvsXV06wL\njD5xlSLl2WNO9d5LI/h7Dvao3sFDiG2EbfkH0BCO4AIZ4Tbub+1350nfmkcuOHLq\nDAanT205mCMbDl59pcm4AePiHMGq4juwpvJhAYmYWmwfsdTYNmNKjbUbV39X3ca2\nWoZ4OdvReLuEvLVUF7WwFZUJAoGBANIXjQL3towuroHsyrvTaV6XhVPWl49XIC+P\n9g9mOL+7/azOh5jZB+mAGh7at6nRR29ARsrx6qtPKyTZNWep22JC285vdPn3KP+i\ntRzKao9yAQo3PbUt0qFo4vpZpbAHstkWYoAZRVLXCC6HrPx0KV72E9Ih6XXswie1\nR9RVESkBAoGAdMte4ed5m64ZBLyTgcjnQYx5xbhlKUe+Ybg9daEDkg0p9GjVtihX\nzAAmYjtRNRRevM0B+7pbnvWAJbUhNgKs6hUyeL2G+jTZ1LdAjBjisPWTajcRzqvD\nTMKZTsGekN+8/r0c2bjtyDoBNBwGQvdPCALS3Pu69IOgNgE/xKTH/TI=\n-----END RSA PRIVATE KEY-----",
            "root_password": "U9fim=4*6fN9n",
            "server_instance_no": "20044624"
          },
          "sensitive_attributes": [
            [
              {
                "type": "get_attr",
                "value": "private_key"
              }
            ]
          ]
        }
      ]
    },
    {
      "mode": "data",
      "type": "ncloud_root_password",
      "name": "shryu_root_password_jenkins",
      "provider": "provider[\"registry.terraform.io/navercloudplatform/ncloud\"]",
      "instances": [
        {
          "schema_version": 0,
          "attributes": {
            "id": "20044621",
            "private_key": "-----BEGIN RSA PRIVATE KEY-----\nMIIEpQIBAAKCAQEA1Ado7Kv3pHnt3H+7U1v/Xt8MvcOgSWL4F18zSkpt/FgpZzna\no2GQ+fBqw0DLVFwHFK/rlbglZXvfA3nt9kugy9Dz8FwxquJR/lPYfP2Mq9WucW0t\nHDgglgz+MaMDL8u6IlGM37MOnlwLQOhZOTl6r3U+wbtnfKMHocAQ+kbrE/qdvZz+\nGCUjB8Hg9yuxyl0FYl3THGRm7tVam2mDYhPZG0V5nGBF3vxrbZsIrs1JbZAHjry6\nGi+0NRPbO/PvUmP66hZl8ElkULboltfDumZPdB1nPkdZ5hbCtVySeoNkuPlSBOiM\n4/Zw4LltzCClUEnyOCPgCrFmbszjrYV/dpLUWQIDAQABAoIBAQCTp2FbR9qaMMsD\nffQu9ecd40jVMdGCqahJZmOqfbCgRaj3mON4Wa6DT/iZZprycXAA6Q2vYuCwDpZc\nrmGX3kzpAueN4DY6YYdmDG+7gzqeQ51KohQDDdcrh3rRiErk0wQZeB8ZfXFVuJWh\nquzPnAai/4wnj+Fee44KB14LXK3CZ8U+YHdbWDiKH/SbYCmckjLYFqg8bZOQV7UB\n11dKojMmOLHD8/jYbC+EnBrSzDLo4cpDg+F4auxNYqJk6iudfc/JhMTUo+YbYO+q\nSzqeCI++2Lj3V8E5HriDSJxxd02UckOzZUCxQosvlG3kQKks8h0Ol/POdwoxQ7Kr\nsurrRwYBAoGBAOzlGDeKn28HbUDMOYzhBlRiv5XbxNvsfRJg2MAuBAaF8k7N4JSC\nKUpWUGAc5LwJjb+1FUwmWH5Kfnb8Qj6WtevRgt+DPbllDMwbftMPUk/jwkyVtdHT\nTOjcx7HT9D5HBAY3Q4rdCtn7X2En9zzVl+XeDSt4k5ixvjFytpmCOGCZAoGBAOUg\n73+aRkH4GspRvwtKO9Ihc0JsdeCshDHlM7/X9JL6UIC9/JbYc8AHpktOQsi91kDA\nuFu3FyVyJeGVilJe7cRifG9+O9o4wfNE+7h+8wGJOsG30OJ72Y2jjoYYO1eg258u\nUH434cmgCmJkNp2Py7uhigMgNHM4dKT77OMr1anBAoGBAIncLMKt1mirvsXV06wL\njD5xlSLl2WNO9d5LI/h7Dvao3sFDiG2EbfkH0BCO4AIZ4Tbub+1350nfmkcuOHLq\nDAanT205mCMbDl59pcm4AePiHMGq4juwpvJhAYmYWmwfsdTYNmNKjbUbV39X3ca2\nWoZ4OdvReLuEvLVUF7WwFZUJAoGBANIXjQL3towuroHsyrvTaV6XhVPWl49XIC+P\n9g9mOL+7/azOh5jZB+mAGh7at6nRR29ARsrx6qtPKyTZNWep22JC285vdPn3KP+i\ntRzKao9yAQo3PbUt0qFo4vpZpbAHstkWYoAZRVLXCC6HrPx0KV72E9Ih6XXswie1\nR9RVESkBAoGAdMte4ed5m64ZBLyTgcjnQYx5xbhlKUe+Ybg9daEDkg0p9GjVtihX\nzAAmYjtRNRRevM0B+7pbnvWAJbUhNgKs6hUyeL2G+jTZ1LdAjBjisPWTajcRzqvD\nTMKZTsGekN+8/r0c2bjtyDoBNBwGQvdPCALS3Pu69IOgNgE/xKTH/TI=\n-----END RSA PRIVATE KEY-----",
            "root_password": "H6GYg$eJ%DNq",
            "server_instance_no": "20044621"
          },
          "sensitive_attributes": [
            [
              {
                "type": "get_attr",
                "value": "private_key"
              }
            ]
          ]
        }
      ]
    },
    {
      "mode": "managed",
      "type": "ncloud_login_key",
      "name": "key_shryu",
      "provider": "provider[\"registry.terraform.io/navercloudplatform/ncloud\"]",
      "instances": [
        {
          "schema_version": 0,
          "attributes": {
            "fingerprint": "84:75:5f:7b:99:0a:62:ad:af:cc:67:24:b6:2f:8b:46",
            "id": "shryu",
            "key_name": "shryu",
            "private_key": "-----BEGIN RSA PRIVATE KEY-----\nMIIEpQIBAAKCAQEA1Ado7Kv3pHnt3H+7U1v/Xt8MvcOgSWL4F18zSkpt/FgpZzna\no2GQ+fBqw0DLVFwHFK/rlbglZXvfA3nt9kugy9Dz8FwxquJR/lPYfP2Mq9WucW0t\nHDgglgz+MaMDL8u6IlGM37MOnlwLQOhZOTl6r3U+wbtnfKMHocAQ+kbrE/qdvZz+\nGCUjB8Hg9yuxyl0FYl3THGRm7tVam2mDYhPZG0V5nGBF3vxrbZsIrs1JbZAHjry6\nGi+0NRPbO/PvUmP66hZl8ElkULboltfDumZPdB1nPkdZ5hbCtVySeoNkuPlSBOiM\n4/Zw4LltzCClUEnyOCPgCrFmbszjrYV/dpLUWQIDAQABAoIBAQCTp2FbR9qaMMsD\nffQu9ecd40jVMdGCqahJZmOqfbCgRaj3mON4Wa6DT/iZZprycXAA6Q2vYuCwDpZc\nrmGX3kzpAueN4DY6YYdmDG+7gzqeQ51KohQDDdcrh3rRiErk0wQZeB8ZfXFVuJWh\nquzPnAai/4wnj+Fee44KB14LXK3CZ8U+YHdbWDiKH/SbYCmckjLYFqg8bZOQV7UB\n11dKojMmOLHD8/jYbC+EnBrSzDLo4cpDg+F4auxNYqJk6iudfc/JhMTUo+YbYO+q\nSzqeCI++2Lj3V8E5HriDSJxxd02UckOzZUCxQosvlG3kQKks8h0Ol/POdwoxQ7Kr\nsurrRwYBAoGBAOzlGDeKn28HbUDMOYzhBlRiv5XbxNvsfRJg2MAuBAaF8k7N4JSC\nKUpWUGAc5LwJjb+1FUwmWH5Kfnb8Qj6WtevRgt+DPbllDMwbftMPUk/jwkyVtdHT\nTOjcx7HT9D5HBAY3Q4rdCtn7X2En9zzVl+XeDSt4k5ixvjFytpmCOGCZAoGBAOUg\n73+aRkH4GspRvwtKO9Ihc0JsdeCshDHlM7/X9JL6UIC9/JbYc8AHpktOQsi91kDA\nuFu3FyVyJeGVilJe7cRifG9+O9o4wfNE+7h+8wGJOsG30OJ72Y2jjoYYO1eg258u\nUH434cmgCmJkNp2Py7uhigMgNHM4dKT77OMr1anBAoGBAIncLMKt1mirvsXV06wL\njD5xlSLl2WNO9d5LI/h7Dvao3sFDiG2EbfkH0BCO4AIZ4Tbub+1350nfmkcuOHLq\nDAanT205mCMbDl59pcm4AePiHMGq4juwpvJhAYmYWmwfsdTYNmNKjbUbV39X3ca2\nWoZ4OdvReLuEvLVUF7WwFZUJAoGBANIXjQL3towuroHsyrvTaV6XhVPWl49XIC+P\n9g9mOL+7/azOh5jZB+mAGh7at6nRR29ARsrx6qtPKyTZNWep22JC285vdPn3KP+i\ntRzKao9yAQo3PbUt0qFo4vpZpbAHstkWYoAZRVLXCC6HrPx0KV72E9Ih6XXswie1\nR9RVESkBAoGAdMte4ed5m64ZBLyTgcjnQYx5xbhlKUe+Ybg9daEDkg0p9GjVtihX\nzAAmYjtRNRRevM0B+7pbnvWAJbUhNgKs6hUyeL2G+jTZ1LdAjBjisPWTajcRzqvD\nTMKZTsGekN+8/r0c2bjtyDoBNBwGQvdPCALS3Pu69IOgNgE/xKTH/TI=\n-----END RSA PRIVATE KEY-----",
            "timeouts": null
          },
          "sensitive_attributes": [],
          "private": "eyJlMmJmYjczMC1lY2FhLTExZTYtOGY4OC0zNDM2M2JjN2M0YzAiOnsiY3JlYXRlIjozMDAwMDAwMDAwMDAsImRlbGV0ZSI6MzAwMDAwMDAwMDAwfX0="
        }
      ]
    },
    {
      "mode": "managed",
      "type": "ncloud_nat_gateway",
      "name": "nat_gateway_shryu",
      "provider": "provider[\"registry.terraform.io/navercloudplatform/ncloud\"]",
      "instances": [
        {
          "schema_version": 0,
          "attributes": {
            "description": "",
            "id": "20044620",
            "name": "shryu",
            "nat_gateway_no": "20044620",
            "private_ip": "10.0.2.6",
            "public_ip": "175.45.195.20",
            "public_ip_no": "20044641",
            "subnet_name": "sn18b36ea1062",
            "subnet_no": "108083",
            "vpc_no": "48369",
            "zone": "KR-2"
          },
          "sensitive_attributes": [],
          "private": "bnVsbA==",
          "dependencies": [
            "ncloud_network_acl.network_acl_shryu_public",
            "ncloud_subnet.subnet_shryu_public_natgw",
            "ncloud_vpc.vpc_shryu"
          ]
        }
      ]
    },
    {
      "mode": "managed",
      "type": "ncloud_network_acl",
      "name": "network_acl_shryu_private",
      "provider": "provider[\"registry.terraform.io/navercloudplatform/ncloud\"]",
      "instances": [
        {
          "schema_version": 0,
          "attributes": {
            "description": "",
            "id": "74009",
            "is_default": false,
            "name": "shryu-private",
            "network_acl_no": "74009",
            "vpc_no": "48369"
          },
          "sensitive_attributes": [],
          "private": "bnVsbA==",
          "dependencies": [
            "ncloud_vpc.vpc_shryu"
          ]
        }
      ]
    },
    {
      "mode": "managed",
      "type": "ncloud_network_acl",
      "name": "network_acl_shryu_public",
      "provider": "provider[\"registry.terraform.io/navercloudplatform/ncloud\"]",
      "instances": [
        {
          "schema_version": 0,
          "attributes": {
            "description": "",
            "id": "74010",
            "is_default": false,
            "name": "shryu-public",
            "network_acl_no": "74010",
            "vpc_no": "48369"
          },
          "sensitive_attributes": [],
          "private": "bnVsbA==",
          "dependencies": [
            "ncloud_vpc.vpc_shryu"
          ]
        }
      ]
    },
    {
      "mode": "managed",
      "type": "ncloud_public_ip",
      "name": "public_ip_git",
      "provider": "provider[\"registry.terraform.io/navercloudplatform/ncloud\"]",
      "instances": [
        {
          "schema_version": 0,
          "attributes": {
            "description": "for shryu",
            "id": "20044733",
            "instance_no": "20044733",
            "internet_line_type": null,
            "kind_type": null,
            "public_ip": "175.45.205.126",
            "public_ip_no": "20044733",
            "server_instance_no": "20044627",
            "zone": null
          },
          "sensitive_attributes": [],
          "private": "bnVsbA==",
          "dependencies": [
            "ncloud_login_key.key_shryu",
            "ncloud_network_acl.network_acl_shryu_public",
            "ncloud_server.server_shryu_git",
            "ncloud_subnet.subnet_public",
            "ncloud_vpc.vpc_shryu"
          ]
        }
      ]
    },
    {
      "mode": "managed",
      "type": "ncloud_public_ip",
      "name": "public_ip_harbor",
      "provider": "provider[\"registry.terraform.io/navercloudplatform/ncloud\"]",
      "instances": [
        {
          "schema_version": 0,
          "attributes": {
            "description": "for shryu",
            "id": "20044734",
            "instance_no": "20044734",
            "internet_line_type": null,
            "kind_type": null,
            "public_ip": "175.45.201.77",
            "public_ip_no": "20044734",
            "server_instance_no": "20044624",
            "zone": null
          },
          "sensitive_attributes": [],
          "private": "bnVsbA==",
          "dependencies": [
            "ncloud_login_key.key_shryu",
            "ncloud_network_acl.network_acl_shryu_public",
            "ncloud_server.server_shryu_harbor",
            "ncloud_subnet.subnet_public",
            "ncloud_vpc.vpc_shryu"
          ]
        }
      ]
    },
    {
      "mode": "managed",
      "type": "ncloud_public_ip",
      "name": "public_ip_jenkins",
      "provider": "provider[\"registry.terraform.io/navercloudplatform/ncloud\"]",
      "instances": [
        {
          "schema_version": 0,
          "attributes": {
            "description": "for shryu",
            "id": "20044727",
            "instance_no": "20044727",
            "internet_line_type": null,
            "kind_type": null,
            "public_ip": "223.130.128.175",
            "public_ip_no": "20044727",
            "server_instance_no": "20044621",
            "zone": null
          },
          "sensitive_attributes": [],
          "private": "bnVsbA==",
          "dependencies": [
            "ncloud_login_key.key_shryu",
            "ncloud_network_acl.network_acl_shryu_public",
            "ncloud_server.server_shryu_jenkins",
            "ncloud_subnet.subnet_public",
            "ncloud_vpc.vpc_shryu"
          ]
        }
      ]
    },
    {
      "mode": "managed",
      "type": "ncloud_route",
      "name": "route_shryu_nat",
      "provider": "provider[\"registry.terraform.io/navercloudplatform/ncloud\"]",
      "instances": [
        {
          "schema_version": 0,
          "attributes": {
            "destination_cidr_block": "0.0.0.0/0",
            "id": "route-2160885190",
            "is_default": false,
            "route_table_no": "102022",
            "target_name": "shryu",
            "target_no": "20044620",
            "target_type": "NATGW",
            "vpc_no": "48369"
          },
          "sensitive_attributes": [],
          "private": "bnVsbA==",
          "dependencies": [
            "ncloud_nat_gateway.nat_gateway_shryu",
            "ncloud_network_acl.network_acl_shryu_public",
            "ncloud_subnet.subnet_shryu_public_natgw",
            "ncloud_vpc.vpc_shryu"
          ]
        }
      ]
    },
    {
      "mode": "managed",
      "type": "ncloud_server",
      "name": "server_shryu_git",
      "provider": "provider[\"registry.terraform.io/navercloudplatform/ncloud\"]",
      "instances": [
        {
          "schema_version": 0,
          "attributes": {
            "access_control_group_configuration_no_list": null,
            "base_block_storage_disk_detail_type": "HDD",
            "base_block_storage_disk_type": "NET",
            "base_block_storage_size": null,
            "cpu_count": 2,
            "description": "",
            "fee_system_type_code": null,
            "id": "20044627",
            "init_script_no": "",
            "instance_no": "20044627",
            "internet_line_type": null,
            "is_encrypted_base_block_storage_volume": null,
            "is_fee_charging_monitoring": null,
            "is_protect_server_termination": false,
            "login_key_name": "shryu",
            "member_server_image_no": null,
            "memory_size": 4294967296,
            "name": "shryu-git",
            "network_interface": [
              {
                "network_interface_no": "3463753",
                "order": 0,
                "private_ip": "10.0.0.8",
                "subnet_no": "108084"
              }
            ],
            "placement_group_no": "",
            "platform_type": "UBS64",
            "port_forwarding_external_port": null,
            "port_forwarding_internal_port": null,
            "port_forwarding_public_ip": null,
            "private_ip": null,
            "public_ip": "",
            "raid_type_name": null,
            "region": null,
            "server_image_name": null,
            "server_image_product_code": "SW.VSVR.OS.LNX64.UBNTU.SVR2004.B050",
            "server_product_code": "SVR.VSVR.HICPU.C002.M004.NET.HDD.B050.G002",
            "subnet_no": "108084",
            "tag_list": [],
            "timeouts": null,
            "user_data": null,
            "vpc_no": "48369",
            "zone": "KR-2"
          },
          "sensitive_attributes": [],
          "private": "eyJlMmJmYjczMC1lY2FhLTExZTYtOGY4OC0zNDM2M2JjN2M0YzAiOnsiY3JlYXRlIjozNjAwMDAwMDAwMDAwLCJkZWxldGUiOjMwMDAwMDAwMDAwMH19",
          "dependencies": [
            "ncloud_login_key.key_shryu",
            "ncloud_network_acl.network_acl_shryu_public",
            "ncloud_subnet.subnet_public",
            "ncloud_vpc.vpc_shryu"
          ]
        }
      ]
    },
    {
      "mode": "managed",
      "type": "ncloud_server",
      "name": "server_shryu_harbor",
      "provider": "provider[\"registry.terraform.io/navercloudplatform/ncloud\"]",
      "instances": [
        {
          "schema_version": 0,
          "attributes": {
            "access_control_group_configuration_no_list": null,
            "base_block_storage_disk_detail_type": "HDD",
            "base_block_storage_disk_type": "NET",
            "base_block_storage_size": null,
            "cpu_count": 2,
            "description": "",
            "fee_system_type_code": null,
            "id": "20044624",
            "init_script_no": "",
            "instance_no": "20044624",
            "internet_line_type": null,
            "is_encrypted_base_block_storage_volume": null,
            "is_fee_charging_monitoring": null,
            "is_protect_server_termination": false,
            "login_key_name": "shryu",
            "member_server_image_no": null,
            "memory_size": 4294967296,
            "name": "shryu-harbor",
            "network_interface": [
              {
                "network_interface_no": "3463752",
                "order": 0,
                "private_ip": "10.0.0.7",
                "subnet_no": "108084"
              }
            ],
            "placement_group_no": "",
            "platform_type": "UBS64",
            "port_forwarding_external_port": null,
            "port_forwarding_internal_port": null,
            "port_forwarding_public_ip": null,
            "private_ip": null,
            "public_ip": "",
            "raid_type_name": null,
            "region": null,
            "server_image_name": null,
            "server_image_product_code": "SW.VSVR.OS.LNX64.UBNTU.SVR2004.B050",
            "server_product_code": "SVR.VSVR.HICPU.C002.M004.NET.HDD.B050.G002",
            "subnet_no": "108084",
            "tag_list": [],
            "timeouts": null,
            "user_data": null,
            "vpc_no": "48369",
            "zone": "KR-2"
          },
          "sensitive_attributes": [],
          "private": "eyJlMmJmYjczMC1lY2FhLTExZTYtOGY4OC0zNDM2M2JjN2M0YzAiOnsiY3JlYXRlIjozNjAwMDAwMDAwMDAwLCJkZWxldGUiOjMwMDAwMDAwMDAwMH19",
          "dependencies": [
            "ncloud_login_key.key_shryu",
            "ncloud_network_acl.network_acl_shryu_public",
            "ncloud_subnet.subnet_public",
            "ncloud_vpc.vpc_shryu"
          ]
        }
      ]
    },
    {
      "mode": "managed",
      "type": "ncloud_server",
      "name": "server_shryu_jenkins",
      "provider": "provider[\"registry.terraform.io/navercloudplatform/ncloud\"]",
      "instances": [
        {
          "schema_version": 0,
          "attributes": {
            "access_control_group_configuration_no_list": null,
            "base_block_storage_disk_detail_type": "HDD",
            "base_block_storage_disk_type": "NET",
            "base_block_storage_size": null,
            "cpu_count": 2,
            "description": "",
            "fee_system_type_code": null,
            "id": "20044621",
            "init_script_no": "",
            "instance_no": "20044621",
            "internet_line_type": null,
            "is_encrypted_base_block_storage_volume": null,
            "is_fee_charging_monitoring": null,
            "is_protect_server_termination": false,
            "login_key_name": "shryu",
            "member_server_image_no": null,
            "memory_size": 4294967296,
            "name": "shryu-jenkins",
            "network_interface": [
              {
                "network_interface_no": "3463751",
                "order": 0,
                "private_ip": "10.0.0.6",
                "subnet_no": "108084"
              }
            ],
            "placement_group_no": "",
            "platform_type": "UBS64",
            "port_forwarding_external_port": null,
            "port_forwarding_internal_port": null,
            "port_forwarding_public_ip": null,
            "private_ip": null,
            "public_ip": "",
            "raid_type_name": null,
            "region": null,
            "server_image_name": null,
            "server_image_product_code": "SW.VSVR.OS.LNX64.UBNTU.SVR2004.B050",
            "server_product_code": "SVR.VSVR.HICPU.C002.M004.NET.HDD.B050.G002",
            "subnet_no": "108084",
            "tag_list": [],
            "timeouts": null,
            "user_data": null,
            "vpc_no": "48369",
            "zone": "KR-2"
          },
          "sensitive_attributes": [],
          "private": "eyJlMmJmYjczMC1lY2FhLTExZTYtOGY4OC0zNDM2M2JjN2M0YzAiOnsiY3JlYXRlIjozNjAwMDAwMDAwMDAwLCJkZWxldGUiOjMwMDAwMDAwMDAwMH19",
          "dependencies": [
            "ncloud_login_key.key_shryu",
            "ncloud_network_acl.network_acl_shryu_public",
            "ncloud_subnet.subnet_public",
            "ncloud_vpc.vpc_shryu"
          ]
        }
      ]
    },
    {
      "mode": "managed",
      "type": "ncloud_subnet",
      "name": "subnet_private",
      "provider": "provider[\"registry.terraform.io/navercloudplatform/ncloud\"]",
      "instances": [
        {
          "schema_version": 0,
          "attributes": {
            "id": "108082",
            "name": "shryu-private",
            "network_acl_no": "74009",
            "subnet": "10.0.1.0/24",
            "subnet_no": "108082",
            "subnet_type": "PRIVATE",
            "usage_type": "GEN",
            "vpc_no": "48369",
            "zone": "KR-2"
          },
          "sensitive_attributes": [],
          "private": "bnVsbA==",
          "dependencies": [
            "ncloud_network_acl.network_acl_shryu_private",
            "ncloud_vpc.vpc_shryu"
          ]
        }
      ]
    },
    {
      "mode": "managed",
      "type": "ncloud_subnet",
      "name": "subnet_public",
      "provider": "provider[\"registry.terraform.io/navercloudplatform/ncloud\"]",
      "instances": [
        {
          "schema_version": 0,
          "attributes": {
            "id": "108084",
            "name": "shryu-public",
            "network_acl_no": "74010",
            "subnet": "10.0.0.0/24",
            "subnet_no": "108084",
            "subnet_type": "PUBLIC",
            "usage_type": "GEN",
            "vpc_no": "48369",
            "zone": "KR-2"
          },
          "sensitive_attributes": [],
          "private": "bnVsbA==",
          "dependencies": [
            "ncloud_network_acl.network_acl_shryu_public",
            "ncloud_vpc.vpc_shryu"
          ]
        }
      ]
    },
    {
      "mode": "managed",
      "type": "ncloud_subnet",
      "name": "subnet_shryu_public_natgw",
      "provider": "provider[\"registry.terraform.io/navercloudplatform/ncloud\"]",
      "instances": [
        {
          "schema_version": 0,
          "attributes": {
            "id": "108083",
            "name": "sn18b36ea1062",
            "network_acl_no": "74010",
            "subnet": "10.0.2.0/24",
            "subnet_no": "108083",
            "subnet_type": "PUBLIC",
            "usage_type": "NATGW",
            "vpc_no": "48369",
            "zone": "KR-2"
          },
          "sensitive_attributes": [],
          "private": "bnVsbA==",
          "dependencies": [
            "ncloud_network_acl.network_acl_shryu_public",
            "ncloud_vpc.vpc_shryu"
          ]
        }
      ]
    },
    {
      "mode": "managed",
      "type": "ncloud_vpc",
      "name": "vpc_shryu",
      "provider": "provider[\"registry.terraform.io/navercloudplatform/ncloud\"]",
      "instances": [
        {
          "schema_version": 0,
          "attributes": {
            "default_access_control_group_no": "134782",
            "default_network_acl_no": "74008",
            "default_private_route_table_no": "102022",
            "default_public_route_table_no": "102021",
            "id": "48369",
            "ipv4_cidr_block": "10.0.0.0/16",
            "name": "shryu",
            "vpc_no": "48369"
          },
          "sensitive_attributes": [],
          "private": "bnVsbA=="
        }
      ]
    }
  ],
  "check_results": null
}
